
Microsoft Visual Studio Solution File, Format Version 12.00
# Visual Studio 15
Project("{FAE04EC0-301F-11D3-BF4B-00C04F79EFBC}") = "TBG-UNITAL", "TBG-UNITAL.csproj", "{25C7EB10-DEE6-4BD5-8A65-5FB874A1CA14}"
EndProject
Global
	GlobalSection(SolutionConfigurationPlatforms) = preSolution
		Debug|Any CPU = Debug|Any CPU
		Release|Any CPU = Release|Any CPU
	EndGlobalSection
	GlobalSection(ProjectConfigurationPlatforms) = postSolution
		{25C7EB10-DEE6-4BD5-8A65-5FB874A1CA14}.Debug|Any CPU.ActiveCfg = Debug|Any CPU
		{25C7EB10-DEE6-4BD5-8A65-5FB874A1CA14}.Debug|Any CPU.Build.0 = Debug|Any CPU
		{25C7EB10-DEE6-4BD5-8A65-5FB874A1CA14}.Release|Any CPU.ActiveCfg = Release|Any CPU
		{25C7EB10-DEE6-4BD5-8A65-5FB874A1CA14}.Release|Any CPU.Build.0 = Release|Any CPU
	EndGlobalSection
EndGlobal
